github.com/OhYee/cryptography_and_network_security v0.0.0-20191113160411-53a3d0b5baca h1:5C3ADiBAVaJmnuLzmYqdOwWhsr7iRl4FakTwXFvSgkU=
github.com/OhYee/cryptography_and_network_security v0.0.0-20191113160411-53a3d0b5baca/go.mod h1:OHHTcGgtCQP5loqp/w4xy03MqMlD9EsEUpjxvUYsHlA=
github.com/OhYee/cryptography_and_network_security v0.0.0-20191202171518-a9a4931db110 h1:SRTxbRBIXX4wvGtF9I1iaERKL/yqTRiGPu05zdf4S98=
github.com/OhYee/cryptography_and_network_security v0.0.0-20191202171518-a9a4931db110/go.mod h1:Gvad3m4tRO9f6Sci+N44fk1b9s+QdoIARgCBBWavSPA=
github.com/OhYee/cryptography_and_network_security v0.0.0-20191204163049-bdf1fbff6b65 h1:uioBS3LRZ/LnyML35KjtE9Gs+H0c7Oa5jR+knw3JlAE=
github.com/OhYee/cryptography_and_network_security v0.0.0-20191204163049-bdf1fbff6b65/go.mod h1:Gvad3m4tRO9f6Sci+N44fk1b9s+QdoIARgCBBWavSPA=
github.com/OhYee/goutils v0.0.0-20191103124231-baf873b5256a/go.mod h1:RqaQ1bD+sQAq7zQ/1vAtaojWoFznhAFdWDsMZr7SgkA=
github.com/OhYee/goutils v0.0.0-20191124144159-dcb5a2fc98f5 h1:x8c0R+719kiLSYjWj8vkZE5DQ5xGvOXhcIlKCx84QXc=
github.com/OhYee/goutils v0.0.0-20191124144159-dcb5a2fc98f5/go.mod h1:RqaQ1bD+sQAq7zQ/1vAtaojWoFznhAFdWDsMZr7SgkA=
github.com/OhYee/goutils v0.0.0-20191124144420-5bcf1504b753 h1:wdMxVXk7f4tQFmGz//gfyvZHiHJbboYnA4fAbqcGXeM=
github.com/OhYee/goutils v0.0.0-20191124144420-5bcf1504b753/go.mod h1:RqaQ1bD+sQAq7zQ/1vAtaojWoFznhAFdWDsMZr7SgkA=
github.com/OhYee/goutils v0.0.0-20191124151546-4effe4bd60ca h1:42zS/YQ3U1FOSpopMtQxXIH6Sn9y3u+AV3DYOyyEF7I=
github.com/OhYee/goutils v0.0.0-20191124151546-4effe4bd60ca/go.mod h1:RqaQ1bD+sQAq7zQ/1vAtaojWoFznhAFdWDsMZr7SgkA=
github.com/OhYee/goutils v0.0.0-20191203153456-d9b253149526 h1:0KEMh/7GAYVZYTLCgMkelYHWN5n+JkfPls8popWwnfw=
github.com/OhYee/goutils v0.0.0-20191203153456-d9b253149526/go.mod h1:RqaQ1bD+sQAq7zQ/1vAtaojWoFznhAFdWDsMZr7SgkA=
github.com/OhYee/goutils v0.0.0-20191203161825-86372ac33c90 h1:mSFQzOn04i1hyyifnMUu/S+CmwX8zT0eClrwfgTNhBU=
github.com/OhYee/goutils v0.0.0-20191203161825-86372ac33c90/go.mod h1:RqaQ1bD+sQAq7zQ/1vAtaojWoFznhAFdWDsMZr7SgkA=
github.com/OhYee/goutils v0.0.0-20191204025856-527c85e79659 h1:68/W+K9pCt8TXd+uDOsFgGCMCK4enhNn6YqOLeZkohw=
github.com/OhYee/goutils v0.0.0-20191204025856-527c85e79659/go.mod h1:RqaQ1bD+sQAq7zQ/1vAtaojWoFznhAFdWDsMZr7SgkA=
github.com/OhYee/goutils v0.0.0-20191204050123-4891fd89d899 h1:52OEpkVeYqZzteOyylzq4i4skQ+3sb587BBMUl9LEsQ=
github.com/OhYee/goutils v0.0.0-20191204050123-4891fd89d899/go.mod h1:RqaQ1bD+sQAq7zQ/1vAtaojWoFznhAFdWDsMZr7SgkA=
github.com/OhYee/rainbow v0.0.0-20191204113000-48327ab2ec08 h1:je4Co9xKKq813BvCMhx2piOkvLA7nv0AHhcfVFWb4cs=
github.com/OhYee/rainbow v0.0.0-20191204113000-48327ab2ec08/go.mod h1:bZHHhImcv5I+vzSzPULVIqq2Mp3KYzdMA/NQ0z5mEPQ=
github.com/OhYee/rainbow v0.0.0-20191204120851-e22415402b27 h1:X69gR3MvdyqWymJ0byB0Mgc5qDA/V5wJxm17GABNvsA=
github.com/OhYee/rainbow v0.0.0-20191204120851-e22415402b27/go.mod h1:N7lMsUEVv57QF4Epb5Tmj4reIFtPoXzp6tACrUHmlb4=
github.com/OhYee/rainbow v0.0.0-20191204121243-7871d6a80bd1 h1:YU3/p0HxtSpwrNbMYeez1a0sdV8mhmaRA6m/S5KzBhw=
github.com/OhYee/rainbow v0.0.0-20191204121243-7871d6a80bd1/go.mod h1:N7lMsUEVv57QF4Epb5Tmj4reIFtPoXzp6tACrUHmlb4=
github.com/OhYee/rainbow v0.0.0-20191204122206-e95daba3592d h1:AOGd4trK26XJ06BVx0TX/d9JB9UyG9XKGgh0ul5te0M=
github.com/OhYee/rainbow v0.0.0-20191204122206-e95daba3592d/go.mod h1:N7lMsUEVv57QF4Epb5Tmj4reIFtPoXzp6tACrUHmlb4=
github.com/davecgh/go-spew v1.1.0 h1:ZDRjVQ15GmhC3fiQ8ni8+OwkZQO4DARzQgrnXU1Liz8=
github.com/davecgh/go-spew v1.1.0/go.mod h1:J7Y8YcW2NihsgmVo/mv3lAwl/skON4iLHjSsI+c5H38=
github.com/davecgh/go-spew v1.1.1/go.mod h1:J7Y8YcW2NihsgmVo/mv3lAwl/skON4iLHjSsI+c5H38=
github.com/gookit/color v1.2.0 h1:lHA77Kuyi5JpBnA9ESvwkY+nanLjRZ0mHbWQXRYk2Lk=
github.com/gookit/color v1.2.0/go.mod h1:AhIE+pS6D4Ql0SQWbBeXPHw7gY0/sjHoA4s/n1KB7xg=
github.com/klauspost/cpuid v1.2.2 h1:1xAgYebNnsb9LKCdLOvFWtAxGU/33mjJtyOVbmUa0Us=
github.com/klauspost/cpuid v1.2.2/go.mod h1:Pj4uuM528wm8OyEC2QMXAi2YiTZ96dNQPGgoMS4s3ek=
github.com/klauspost/reedsolomon v1.9.3 h1:N/VzgeMfHmLc+KHMD1UL/tNkfXAt8FnUqlgXGIduwAY=
github.com/klauspost/reedsolomon v1.9.3/go.mod h1:CwCi+NUr9pqSVktrkN+Ondf06rkhYZ/pcNv7fu+8Un4=
github.com/konsorten/go-windows-terminal-sequences v1.0.1 h1:mweAR1A6xJ3oS2pRaGiHgQ4OO8tzTaLawm8vnODuwDk=
github.com/konsorten/go-windows-terminal-sequences v1.0.1/go.mod h1:T0+1ngSBFLxvqU3pZ+m/2kptfBszLMUkC4ZK/EgS/cQ=
github.com/pkg/errors v0.8.1 h1:iURUrRGxPUNPdy5/HRSm+Yj6okJ6UtLINN0Q9M4+h3I=
github.com/pkg/errors v0.8.1/go.mod h1:bwawxfHBFNV+L2hUp1rHADufV3IMtnDRdf1r5NINEl0=
github.com/pmezard/go-difflib v1.0.0 h1:4DBwDE0NGyQoBHbLQYPwSUPoCMWR5BEzIk/f1lZbAQM=
github.com/pmezard/go-difflib v1.0.0/go.mod h1:iKH77koFhYxTK1pcRnkKkqfTogsbg7gZNVY4sRDYZ/4=
github.com/sirupsen/logrus v1.4.2 h1:SPIRibHv4MatM3XXNO2BJeFLZwZ2LvZgfQ5+UNI2im4=
github.com/sirupsen/logrus v1.4.2/go.mod h1:tLMulIdttU9McNUspp0xgXVQah82FyeX6MwdIuYE2rE=
github.com/stretchr/objx v0.1.0/go.mod h1:HFkY916IF+rwdDfMAkV7OtwuqBVzrE8GR6GFx+wExME=
github.com/stretchr/objx v0.1.1/go.mod h1:HFkY916IF+rwdDfMAkV7OtwuqBVzrE8GR6GFx+wExME=
github.com/stretchr/testify v1.2.2/go.mod h1:a8OnRcib4nhh0OaRAV+Yts87kKdq0PP7pXfy6kDkUVs=
github.com/stretchr/testify v1.3.0 h1:TivCn/peBQ7UY8ooIcPgZFpTNSz0Q2U6UrFlUfqbe0Q=
github.com/stretchr/testify v1.3.0/go.mod h1:M5WIy9Dh21IEIfnGCwXGc5bZfKNJtfHm1UVUgZn+9EI=
github.com/templexxx/cpufeat v0.0.0-20180724012125-cef66df7f161 h1:89CEmDvlq/F7SJEOqkIdNDGJXrQIhuIx9D2DBXjavSU=
github.com/templexxx/cpufeat v0.0.0-20180724012125-cef66df7f161/go.mod h1:wM7WEvslTq+iOEAMDLSzhVuOt5BRZ05WirO+b09GHQU=
github.com/templexxx/xor v0.0.0-20181023030647-4e92f724b73b h1:mnG1fcsIB1d/3vbkBak2MM0u+vhGhlQwpeimUi7QncM=
github.com/templexxx/xor v0.0.0-20181023030647-4e92f724b73b/go.mod h1:5XA7W9S6mni3h5uvOC75dA3m9CCCaS83lltmc0ukdi4=
github.com/tjfoc/gmsm v1.0.1 h1:R11HlqhXkDospckjZEihx9SW/2VW0RgdwrykyWMFOQU=
github.com/tjfoc/gmsm v1.0.1/go.mod h1:XxO4hdhhrzAd+G4CjDqaOkd0hUzmtPR/d3EiBBMn/wc=
github.com/withmandala/go-log v0.1.0 h1:wINmTEe7BQ6zEA8sE7lSsYeaxCLluK6RFjF/IB5tzkA=
github.com/withmandala/go-log v0.1.0/go.mod h1:/V9xQUTW74VjYm3u2Liv/bIUGLWoL9z2GlHwtscp4vg=
github.com/xtaci/kcp-go v5.4.19+incompatible h1:vv7Ar1D9WZGiv6deIOluxrC26Oin/2jFtx8sFU5tlvw=
github.com/xtaci/kcp-go v5.4.19+incompatible/go.mod h1:bN6vIwHQbfHaHtFpEssmWsN45a+AZwO7eyRCmEIbtvE=
github.com/xtaci/lossyconn v0.0.0-20190602105132-8df528c0c9ae h1:J0GxkO96kL4WF+AIT3M4mfUVinOCPgf2uUWYFUzN0sM=
github.com/xtaci/lossyconn v0.0.0-20190602105132-8df528c0c9ae/go.mod h1:gXtu8J62kEgmN++bm9BVICuT/e8yiLI2KFobd/TRFsE=
golang.org/x/crypto v0.0.0-20190308221718-c2843e01d9a2/go.mod h1:djNgcEr1/C05ACkg1iLfiJU5Ep61QUkGW8qpdssI0+w=
golang.org/x/crypto v0.0.0-20191202143827-86a70503ff7e h1:egKlR8l7Nu9vHGWbcUV8lqR4987UfUbBd7GbhqGzNYU=
golang.org/x/crypto v0.0.0-20191202143827-86a70503ff7e/go.mod h1:LzIPMQfyMNhhGPhUkYOs5KpL4U8rLKemX1yGLhDgUto=
golang.org/x/net v0.0.0-20190404232315-eb5bcb51f2a3/go.mod h1:t9HGtf8HONx5eT2rtn7q6eTqICYqUVnKs3thJo3Qplg=
golang.org/x/net v0.0.0-20191126235420-ef20fe5d7933 h1:e6HwijUxhDe+hPNjZQQn9bA5PW3vNmnN64U2ZW759Lk=
golang.org/x/net v0.0.0-20191126235420-ef20fe5d7933/go.mod h1:z5CRVTTTmAJ677TzLLGU+0bjPO0LkuOLi4/5GtJWs/s=
golang.org/x/sys v0.0.0-20190215142949-d0b11bdaac8a/go.mod h1:STP8DvDyc/dI5b8T5hshtkjS+E42TnysNCUPdjciGhY=
golang.org/x/sys v0.0.0-20190412213103-97732733099d h1:+R4KGOnez64A81RvjARKc4UT5/tI9ujCIVX+P5KiHuI=
golang.org/x/sys v0.0.0-20190412213103-97732733099d/go.mod h1:h1NjWce9XRLGQEsW7wpKNCjG9DtNlClVuFLEZdDNbEs=
golang.org/x/sys v0.0.0-20190422165155-953cdadca894/go.mod h1:h1NjWce9XRLGQEsW7wpKNCjG9DtNlClVuFLEZdDNbEs=
golang.org/x/sys v0.0.0-20191128015809-6d18c012aee9 h1:ZBzSG/7F4eNKz2L3GE9o300RX0Az1Bw5HF7PDraD+qU=
golang.org/x/sys v0.0.0-20191128015809-6d18c012aee9/go.mod h1:h1NjWce9XRLGQEsW7wpKNCjG9DtNlClVuFLEZdDNbEs=
golang.org/x/text v0.3.0/go.mod h1:NqM8EUOU14njkJ3fqMW+pc6Ldnwhi/IjpwHt7yyuwOQ=
