github.com/OhYee/cryptography_and_network_security v0.0.0-20191113160411-53a3d0b5baca h1:5C3ADiBAVaJmnuLzmYqdOwWhsr7iRl4FakTwXFvSgkU=
github.com/OhYee/cryptography_and_network_security v0.0.0-20191113160411-53a3d0b5baca/go.mod h1:OHHTcGgtCQP5loqp/w4xy03MqMlD9EsEUpjxvUYsHlA=
github.com/OhYee/goutils v0.0.0-20191103124231-baf873b5256a/go.mod h1:RqaQ1bD+sQAq7zQ/1vAtaojWoFznhAFdWDsMZr7SgkA=
github.com/OhYee/goutils v0.0.0-20191124144159-dcb5a2fc98f5 h1:x8c0R+719kiLSYjWj8vkZE5DQ5xGvOXhcIlKCx84QXc=
github.com/OhYee/goutils v0.0.0-20191124144159-dcb5a2fc98f5/go.mod h1:RqaQ1bD+sQAq7zQ/1vAtaojWoFznhAFdWDsMZr7SgkA=
github.com/OhYee/goutils v0.0.0-20191124144420-5bcf1504b753 h1:wdMxVXk7f4tQFmGz//gfyvZHiHJbboYnA4fAbqcGXeM=
github.com/OhYee/goutils v0.0.0-20191124144420-5bcf1504b753/go.mod h1:RqaQ1bD+sQAq7zQ/1vAtaojWoFznhAFdWDsMZr7SgkA=
